// !$*UTF8*$!
{
	archiveVersion = 1;
	classes = {
	};
	objectVersion = 56;
	objects = {

/* Begin PBXBuildFile section */
		EA271D032B9F8C30004B412C /* NotificationManager.swift in Sources */ = {isa = PBXBuildFile; fileRef = EA271D022B9F8C30004B412C /* NotificationManager.swift */; };
		EA271D052B9F9C0B004B412C /* MapViewModel.swift in Sources */ = {isa = PBXBuildFile; fileRef = EA271D042B9F9C0B004B412C /* MapViewModel.swift */; };
		EA2CF4482BBE931200CA0579 /* ShapesView.swift in Sources */ = {isa = PBXBuildFile; fileRef = EA2CF4472BBE931200CA0579 /* ShapesView.swift */; };
		EA2CF44A2BBE9EA800CA0579 /* EmailFieldView.swift in Sources */ = {isa = PBXBuildFile; fileRef = EA2CF4492BBE9EA800CA0579 /* EmailFieldView.swift */; };
		EA3F10492BB7860100DFD256 /* PasswordFieldView.swift in Sources */ = {isa = PBXBuildFile; fileRef = EA3F10482BB7860100DFD256 /* PasswordFieldView.swift */; };
		EA3F104B2BB7861600DFD256 /* ConfirmPasswordFieldView.swift in Sources */ = {isa = PBXBuildFile; fileRef = EA3F104A2BB7861600DFD256 /* ConfirmPasswordFieldView.swift */; };
		EA4FF3182BB8BEC700665C3D /* SignInView.swift in Sources */ = {isa = PBXBuildFile; fileRef = EA4FF3172BB8BEC700665C3D /* SignInView.swift */; };
		EA4FF31C2BB8CA8000665C3D /* ForgotPasswordView.swift in Sources */ = {isa = PBXBuildFile; fileRef = EA4FF31B2BB8CA8000665C3D /* ForgotPasswordView.swift */; };
		EA5F062C2BB6D6120068636F /* GlobalConstants.swift in Sources */ = {isa = PBXBuildFile; fileRef = EA5F062B2BB6D6120068636F /* GlobalConstants.swift */; };
		EA5F062E2BB6E2590068636F /* FederallyButtonsView.swift in Sources */ = {isa = PBXBuildFile; fileRef = EA5F062D2BB6E2590068636F /* FederallyButtonsView.swift */; };
		EA5F06302BB6E7A10068636F /* OnboardingView.swift in Sources */ = {isa = PBXBuildFile; fileRef = EA5F062F2BB6E7A10068636F /* OnboardingView.swift */; };
		EA5F06322BB6EA3E0068636F /* EmailSignUpView.swift in Sources */ = {isa = PBXBuildFile; fileRef = EA5F06312BB6EA3E0068636F /* EmailSignUpView.swift */; };
		EA5F06352BB6EF7E0068636F /* EmailAuthenticationViewModel.swift in Sources */ = {isa = PBXBuildFile; fileRef = EA5F06342BB6EF7E0068636F /* EmailAuthenticationViewModel.swift */; };
		EA7CC1C62BBFD4C0000711BD /* AuthDataResultModel.swift in Sources */ = {isa = PBXBuildFile; fileRef = EA7CC1C52BBFD4C0000711BD /* AuthDataResultModel.swift */; };
		EA89508F2B9F44A4008878AA /* ERideApp.swift in Sources */ = {isa = PBXBuildFile; fileRef = EA89508E2B9F44A4008878AA /* ERideApp.swift */; };
		EA8950912B9F44A4008878AA /* ContentView.swift in Sources */ = {isa = PBXBuildFile; fileRef = EA8950902B9F44A4008878AA /* ContentView.swift */; };
		EA8950932B9F44A6008878AA /* Assets.xcassets in Resources */ = {isa = PBXBuildFile; fileRef = EA8950922B9F44A6008878AA /* Assets.xcassets */; };
		EA8950962B9F44A6008878AA /* Preview Assets.xcassets in Resources */ = {isa = PBXBuildFile; fileRef = EA8950952B9F44A6008878AA /* Preview Assets.xcassets */; };
		EA89509D2B9F44F2008878AA /* Launch Screen.storyboard in Resources */ = {isa = PBXBuildFile; fileRef = EA89509C2B9F44F2008878AA /* Launch Screen.storyboard */; };
		EA9199F82BBA9D3300E804A7 /* PolicyModels.swift in Sources */ = {isa = PBXBuildFile; fileRef = EA9199F72BBA9D3300E804A7 /* PolicyModels.swift */; };
		EA9199FD2BBAFAB600E804A7 /* JsonBundleDecoder.swift in Sources */ = {isa = PBXBuildFile; fileRef = EA9199FC2BBAFAB600E804A7 /* JsonBundleDecoder.swift */; };
		EABBD4482BB55A0D00BFDC06 /* FirebaseAnalytics in Frameworks */ = {isa = PBXBuildFile; productRef = EABBD4472BB55A0D00BFDC06 /* FirebaseAnalytics */; };
		EABBD44A2BB55A0D00BFDC06 /* FirebaseAnalyticsSwift in Frameworks */ = {isa = PBXBuildFile; productRef = EABBD4492BB55A0D00BFDC06 /* FirebaseAnalyticsSwift */; };
		EABBD4532BB5642600BFDC06 /* AuthenticationView.swift in Sources */ = {isa = PBXBuildFile; fileRef = EABBD4522BB5642600BFDC06 /* AuthenticationView.swift */; };
		EABBD4552BB5645700BFDC06 /* MapView.swift in Sources */ = {isa = PBXBuildFile; fileRef = EABBD4542BB5645700BFDC06 /* MapView.swift */; };
		EABBD4572BB5652800BFDC06 /* AuthenticationManger.swift in Sources */ = {isa = PBXBuildFile; fileRef = EABBD4562BB5652800BFDC06 /* AuthenticationManger.swift */; };
		EABBD4592BB567E000BFDC06 /* GoogleService-Info.plist in Resources */ = {isa = PBXBuildFile; fileRef = EABBD4582BB567E000BFDC06 /* GoogleService-Info.plist */; };
		EABBD45C2BB56BD100BFDC06 /* FirebaseAuth in Frameworks */ = {isa = PBXBuildFile; productRef = EABBD45B2BB56BD100BFDC06 /* FirebaseAuth */; };
		EAD65FEE2BB9392D00D53AD6 /* HomeView.swift in Sources */ = {isa = PBXBuildFile; fileRef = EAD65FED2BB9392D00D53AD6 /* HomeView.swift */; };
		EAD65FF12BB94AF300D53AD6 /* UserAgreementView.swift in Sources */ = {isa = PBXBuildFile; fileRef = EAD65FF02BB94AF300D53AD6 /* UserAgreementView.swift */; };
		EAD65FF32BB94B0800D53AD6 /* PrivacyPolicyView.swift in Sources */ = {isa = PBXBuildFile; fileRef = EAD65FF22BB94B0800D53AD6 /* PrivacyPolicyView.swift */; };
		EAD65FF52BB94B1700D53AD6 /* CookiePolicyView.swift in Sources */ = {isa = PBXBuildFile; fileRef = EAD65FF42BB94B1700D53AD6 /* CookiePolicyView.swift */; };
		EAD65FF72BB95B0200D53AD6 /* PolicyView.swift in Sources */ = {isa = PBXBuildFile; fileRef = EAD65FF62BB95B0200D53AD6 /* PolicyView.swift */; };
		EAFDCA7F2BBBFA1B00D75719 /* userAgreement.json in Resources */ = {isa = PBXBuildFile; fileRef = EAFDCA7E2BBBFA1B00D75719 /* userAgreement.json */; };
		EAFDCA852BBC068500D75719 /* privacyPolicy.json in Resources */ = {isa = PBXBuildFile; fileRef = EAFDCA842BBC068500D75719 /* privacyPolicy.json */; };
		EAFDCA872BBC06A600D75719 /* cookiePolicy.json in Resources */ = {isa = PBXBuildFile; fileRef = EAFDCA862BBC06A600D75719 /* cookiePolicy.json */; };
/* End PBXBuildFile section */

/* Begin PBXFileReference section */
		EA271D022B9F8C30004B412C /* NotificationManager.swift */ = {isa = PBXFileReference; lastKnownFileType = sourcecode.swift; path = NotificationManager.swift; sourceTree = "<group>"; };
		EA271D042B9F9C0B004B412C /* MapViewModel.swift */ = {isa = PBXFileReference; lastKnownFileType = sourcecode.swift; path = MapViewModel.swift; sourceTree = "<group>"; };
		EA271D062B9FA124004B412C /* Info.plist */ = {isa = PBXFileReference; lastKnownFileType = text.plist; path = Info.plist; sourceTree = "<group>"; };
		EA2CF4472BBE931200CA0579 /* ShapesView.swift */ = {isa = PBXFileReference; lastKnownFileType = sourcecode.swift; path = ShapesView.swift; sourceTree = "<group>"; };
		EA2CF4492BBE9EA800CA0579 /* EmailFieldView.swift */ = {isa = PBXFileReference; lastKnownFileType = sourcecode.swift; path = EmailFieldView.swift; sourceTree = "<group>"; };
		EA3F10482BB7860100DFD256 /* PasswordFieldView.swift */ = {isa = PBXFileReference; lastKnownFileType = sourcecode.swift; path = PasswordFieldView.swift; sourceTree = "<group>"; };
		EA3F104A2BB7861600DFD256 /* ConfirmPasswordFieldView.swift */ = {isa = PBXFileReference; lastKnownFileType = sourcecode.swift; path = ConfirmPasswordFieldView.swift; sourceTree = "<group>"; };
		EA4FF3172BB8BEC700665C3D /* SignInView.swift */ = {isa = PBXFileReference; lastKnownFileType = sourcecode.swift; path = SignInView.swift; sourceTree = "<group>"; };
		EA4FF31B2BB8CA8000665C3D /* ForgotPasswordView.swift */ = {isa = PBXFileReference; lastKnownFileType = sourcecode.swift; path = ForgotPasswordView.swift; sourceTree = "<group>"; };
		EA5F062B2BB6D6120068636F /* GlobalConstants.swift */ = {isa = PBXFileReference; lastKnownFileType = sourcecode.swift; path = GlobalConstants.swift; sourceTree = "<group>"; };
		EA5F062D2BB6E2590068636F /* FederallyButtonsView.swift */ = {isa = PBXFileReference; lastKnownFileType = sourcecode.swift; path = FederallyButtonsView.swift; sourceTree = "<group>"; };
		EA5F062F2BB6E7A10068636F /* OnboardingView.swift */ = {isa = PBXFileReference; lastKnownFileType = sourcecode.swift; path = OnboardingView.swift; sourceTree = "<group>"; };
		EA5F06312BB6EA3E0068636F /* EmailSignUpView.swift */ = {isa = PBXFileReference; lastKnownFileType = sourcecode.swift; path = EmailSignUpView.swift; sourceTree = "<group>"; };
		EA5F06342BB6EF7E0068636F /* EmailAuthenticationViewModel.swift */ = {isa = PBXFileReference; lastKnownFileType = sourcecode.swift; path = EmailAuthenticationViewModel.swift; sourceTree = "<group>"; };
		EA7CC1C52BBFD4C0000711BD /* AuthDataResultModel.swift */ = {isa = PBXFileReference; lastKnownFileType = sourcecode.swift; path = AuthDataResultModel.swift; sourceTree = "<group>"; };
		EA89508B2B9F44A4008878AA /* ERide.app */ = {isa = PBXFileReference; explicitFileType = wrapper.application; includeInIndex = 0; path = ERide.app; sourceTree = BUILT_PRODUCTS_DIR; };
		EA89508E2B9F44A4008878AA /* ERideApp.swift */ = {isa = PBXFileReference; lastKnownFileType = sourcecode.swift; path = ERideApp.swift; sourceTree = "<group>"; };
		EA8950902B9F44A4008878AA /* ContentView.swift */ = {isa = PBXFileReference; lastKnownFileType = sourcecode.swift; path = ContentView.swift; sourceTree = "<group>"; };
		EA8950922B9F44A6008878AA /* Assets.xcassets */ = {isa = PBXFileReference; lastKnownFileType = folder.assetcatalog; path = Assets.xcassets; sourceTree = "<group>"; };
		EA8950952B9F44A6008878AA /* Preview Assets.xcassets */ = {isa = PBXFileReference; lastKnownFileType = folder.assetcatalog; path = "Preview Assets.xcassets"; sourceTree = "<group>"; };
		EA89509C2B9F44F2008878AA /* Launch Screen.storyboard */ = {isa = PBXFileReference; lastKnownFileType = file.storyboard; path = "Launch Screen.storyboard"; sourceTree = "<group>"; };
		EA9199F72BBA9D3300E804A7 /* PolicyModels.swift */ = {isa = PBXFileReference; lastKnownFileType = sourcecode.swift; name = PolicyModels.swift; path = ERide/Model/PolicyModels.swift; sourceTree = SOURCE_ROOT; };
		EA9199FC2BBAFAB600E804A7 /* JsonBundleDecoder.swift */ = {isa = PBXFileReference; lastKnownFileType = sourcecode.swift; path = JsonBundleDecoder.swift; sourceTree = "<group>"; };
		EABBD4522BB5642600BFDC06 /* AuthenticationView.swift */ = {isa = PBXFileReference; lastKnownFileType = sourcecode.swift; path = AuthenticationView.swift; sourceTree = "<group>"; };
		EABBD4542BB5645700BFDC06 /* MapView.swift */ = {isa = PBXFileReference; lastKnownFileType = sourcecode.swift; path = MapView.swift; sourceTree = "<group>"; };
		EABBD4562BB5652800BFDC06 /* AuthenticationManger.swift */ = {isa = PBXFileReference; lastKnownFileType = sourcecode.swift; path = AuthenticationManger.swift; sourceTree = "<group>"; };
		EABBD4582BB567E000BFDC06 /* GoogleService-Info.plist */ = {isa = PBXFileReference; fileEncoding = 4; lastKnownFileType = text.plist.xml; path = "GoogleService-Info.plist"; sourceTree = "<group>"; };
		EAD65FED2BB9392D00D53AD6 /* HomeView.swift */ = {isa = PBXFileReference; lastKnownFileType = sourcecode.swift; path = HomeView.swift; sourceTree = "<group>"; };
		EAD65FF02BB94AF300D53AD6 /* UserAgreementView.swift */ = {isa = PBXFileReference; lastKnownFileType = sourcecode.swift; path = UserAgreementView.swift; sourceTree = "<group>"; };
		EAD65FF22BB94B0800D53AD6 /* PrivacyPolicyView.swift */ = {isa = PBXFileReference; lastKnownFileType = sourcecode.swift; path = PrivacyPolicyView.swift; sourceTree = "<group>"; };
		EAD65FF42BB94B1700D53AD6 /* CookiePolicyView.swift */ = {isa = PBXFileReference; lastKnownFileType = sourcecode.swift; path = CookiePolicyView.swift; sourceTree = "<group>"; };
		EAD65FF62BB95B0200D53AD6 /* PolicyView.swift */ = {isa = PBXFileReference; lastKnownFileType = sourcecode.swift; path = PolicyView.swift; sourceTree = "<group>"; };
		EAFDCA7E2BBBFA1B00D75719 /* userAgreement.json */ = {isa = PBXFileReference; fileEncoding = 4; lastKnownFileType = text.json; path = userAgreement.json; sourceTree = "<group>"; };
		EAFDCA842BBC068500D75719 /* privacyPolicy.json */ = {isa = PBXFileReference; lastKnownFileType = text.json; path = privacyPolicy.json; sourceTree = "<group>"; };
		EAFDCA862BBC06A600D75719 /* cookiePolicy.json */ = {isa = PBXFileReference; lastKnownFileType = text.json; path = cookiePolicy.json; sourceTree = "<group>"; };
/* End PBXFileReference section */

/* Begin PBXFrameworksBuildPhase section */
		EA8950882B9F44A4008878AA /* Frameworks */ = {
			isa = PBXFrameworksBuildPhase;
			buildActionMask = 2147483647;
			files = (
				EABBD44A2BB55A0D00BFDC06 /* FirebaseAnalyticsSwift in Frameworks */,
				EABBD45C2BB56BD100BFDC06 /* FirebaseAuth in Frameworks */,
				EABBD4482BB55A0D00BFDC06 /* FirebaseAnalytics in Frameworks */,
			);
			runOnlyForDeploymentPostprocessing = 0;
		};
/* End PBXFrameworksBuildPhase section */

/* Begin PBXGroup section */
		EA271D012B9F8C0C004B412C /* Managers */ = {
			isa = PBXGroup;
			children = (
				EA271D022B9F8C30004B412C /* NotificationManager.swift */,
				EABBD4562BB5652800BFDC06 /* AuthenticationManger.swift */,
				EA5F062B2BB6D6120068636F /* GlobalConstants.swift */,
			);
			path = Managers;
			sourceTree = "<group>";
		};
		EA3F10472BB784AE00DFD256 /* EmailSignUpViews */ = {
			isa = PBXGroup;
			children = (
				EA5F06312BB6EA3E0068636F /* EmailSignUpView.swift */,
				EA2CF4492BBE9EA800CA0579 /* EmailFieldView.swift */,
				EA3F10482BB7860100DFD256 /* PasswordFieldView.swift */,
				EA3F104A2BB7861600DFD256 /* ConfirmPasswordFieldView.swift */,
			);
			path = EmailSignUpViews;
			sourceTree = "<group>";
		};
		EA4FF31A2BB8CA3600665C3D /* LogInViews */ = {
			isa = PBXGroup;
			children = (
				EA4FF3172BB8BEC700665C3D /* SignInView.swift */,
				EA4FF31B2BB8CA8000665C3D /* ForgotPasswordView.swift */,
				EA2CF4472BBE931200CA0579 /* ShapesView.swift */,
			);
			path = LogInViews;
			sourceTree = "<group>";
		};
		EA5F06332BB6EBA60068636F /* OnBoardingViews */ = {
			isa = PBXGroup;
			children = (
				EA5F062F2BB6E7A10068636F /* OnboardingView.swift */,
				EABBD44B2BB560AD00BFDC06 /* AuthenticationViews */,
			);
			path = OnBoardingViews;
			sourceTree = "<group>";
		};
		EA7CC1C72BBFF42D000711BD /* EmailAuthentications */ = {
			isa = PBXGroup;
			children = (
				EA5F06342BB6EF7E0068636F /* EmailAuthenticationViewModel.swift */,
			);
			path = EmailAuthentications;
			sourceTree = "<group>";
		};
		EA8950822B9F44A4008878AA = {
			isa = PBXGroup;
			children = (
				EA89508D2B9F44A4008878AA /* ERide */,
				EA89508C2B9F44A4008878AA /* Products */,
				EABBD45A2BB56BD100BFDC06 /* Frameworks */,
			);
			sourceTree = "<group>";
		};
		EA89508C2B9F44A4008878AA /* Products */ = {
			isa = PBXGroup;
			children = (
				EA89508B2B9F44A4008878AA /* ERide.app */,
			);
			name = Products;
			sourceTree = "<group>";
		};
		EA89508D2B9F44A4008878AA /* ERide */ = {
			isa = PBXGroup;
			children = (
				EABBD4582BB567E000BFDC06 /* GoogleService-Info.plist */,
				EA271D062B9FA124004B412C /* Info.plist */,
				EA89508E2B9F44A4008878AA /* ERideApp.swift */,
				EA9199F42BBA9BE200E804A7 /* JsonFiles */,
				EA9199FB2BBAFA7B00E804A7 /* Extensions */,
				EA919A0F2BBB237700E804A7 /* Resources */,
				EA271D012B9F8C0C004B412C /* Managers */,
				EA89509E2B9F4B32008878AA /* Model */,
				EA89509F2B9F4B3F008878AA /* Views */,
				EA8950A02B9F4B52008878AA /* ViewModels */,
				EA8950922B9F44A6008878AA /* Assets.xcassets */,
				EA8950942B9F44A6008878AA /* Preview Content */,
			);
			path = ERide;
			sourceTree = "<group>";
		};
		EA8950942B9F44A6008878AA /* Preview Content */ = {
			isa = PBXGroup;
			children = (
				EA8950952B9F44A6008878AA /* Preview Assets.xcassets */,
			);
			path = "Preview Content";
			sourceTree = "<group>";
		};
		EA89509E2B9F4B32008878AA /* Model */ = {
			isa = PBXGroup;
			children = (
				EA9199F72BBA9D3300E804A7 /* PolicyModels.swift */,
				EA7CC1C52BBFD4C0000711BD /* AuthDataResultModel.swift */,
			);
			path = Model;
			sourceTree = "<group>";
		};
		EA89509F2B9F4B3F008878AA /* Views */ = {
			isa = PBXGroup;
			children = (
				EABBD4542BB5645700BFDC06 /* MapView.swift */,
				EA8950902B9F44A4008878AA /* ContentView.swift */,
				EA89509C2B9F44F2008878AA /* Launch Screen.storyboard */,
				EABBD44D2BB560E900BFDC06 /* HomeViews */,
				EA5F06332BB6EBA60068636F /* OnBoardingViews */,
			);
			path = Views;
			sourceTree = "<group>";
		};
		EA8950A02B9F4B52008878AA /* ViewModels */ = {
			isa = PBXGroup;
			children = (
				EA7CC1C72BBFF42D000711BD /* EmailAuthentications */,
				EA271D042B9F9C0B004B412C /* MapViewModel.swift */,
			);
			path = ViewModels;
			sourceTree = "<group>";
		};
		EA9199F42BBA9BE200E804A7 /* JsonFiles */ = {
			isa = PBXGroup;
			children = (
				EAFDCA7E2BBBFA1B00D75719 /* userAgreement.json */,
				EAFDCA842BBC068500D75719 /* privacyPolicy.json */,
				EAFDCA862BBC06A600D75719 /* cookiePolicy.json */,
			);
			path = JsonFiles;
			sourceTree = "<group>";
		};
		EA9199FB2BBAFA7B00E804A7 /* Extensions */ = {
			isa = PBXGroup;
			children = (
				EA9199FC2BBAFAB600E804A7 /* JsonBundleDecoder.swift */,
			);
			path = Extensions;
			sourceTree = "<group>";
		};
		EA919A0F2BBB237700E804A7 /* Resources */ = {
			isa = PBXGroup;
			children = (
			);
			path = Resources;
			sourceTree = "<group>";
		};
		EABBD44B2BB560AD00BFDC06 /* AuthenticationViews */ = {
			isa = PBXGroup;
			children = (
				EABBD4522BB5642600BFDC06 /* AuthenticationView.swift */,
				EA5F062D2BB6E2590068636F /* FederallyButtonsView.swift */,
				EAD65FF62BB95B0200D53AD6 /* PolicyView.swift */,
				EA4FF31A2BB8CA3600665C3D /* LogInViews */,
				EA3F10472BB784AE00DFD256 /* EmailSignUpViews */,
				EAD65FEF2BB94AAA00D53AD6 /* PolicyViews */,
			);
			path = AuthenticationViews;
			sourceTree = "<group>";
		};
		EABBD44D2BB560E900BFDC06 /* HomeViews */ = {
			isa = PBXGroup;
			children = (
				EAD65FED2BB9392D00D53AD6 /* HomeView.swift */,
			);
			path = HomeViews;
			sourceTree = "<group>";
		};
		EABBD45A2BB56BD100BFDC06 /* Frameworks */ = {
			isa = PBXGroup;
			children = (
			);
			name = Frameworks;
			sourceTree = "<group>";
		};
		EAD65FEF2BB94AAA00D53AD6 /* PolicyViews */ = {
			isa = PBXGroup;
			children = (
				EAD65FF22BB94B0800D53AD6 /* PrivacyPolicyView.swift */,
				EAD65FF02BB94AF300D53AD6 /* UserAgreementView.swift */,
				EAD65FF42BB94B1700D53AD6 /* CookiePolicyView.swift */,
			);
			path = PolicyViews;
			sourceTree = "<group>";
		};
/* End PBXGroup section */

/* Begin PBXNativeTarget section */
		EA89508A2B9F44A4008878AA /* ERide */ = {
			isa = PBXNativeTarget;
			buildConfigurationList = EA8950992B9F44A6008878AA /* Build configuration list for PBXNativeTarget "ERide" */;
			buildPhases = (
				EA8950872B9F44A4008878AA /* Sources */,
				EA8950882B9F44A4008878AA /* Frameworks */,
				EA8950892B9F44A4008878AA /* Resources */,
			);
			buildRules = (
			);
			dependencies = (
			);
			name = ERide;
			packageProductDependencies = (
				EABBD4472BB55A0D00BFDC06 /* FirebaseAnalytics */,
				EABBD4492BB55A0D00BFDC06 /* FirebaseAnalyticsSwift */,
				EABBD45B2BB56BD100BFDC06 /* FirebaseAuth */,
			);
			productName = ERide;
			productReference = EA89508B2B9F44A4008878AA /* ERide.app */;
			productType = "com.apple.product-type.application";
		};
/* End PBXNativeTarget section */

/* Begin PBXProject section */
		EA8950832B9F44A4008878AA /* Project object */ = {
			isa = PBXProject;
			attributes = {
				BuildIndependentTargetsInParallel = 1;
				LastSwiftUpdateCheck = 1420;
				LastUpgradeCheck = 1420;
				TargetAttributes = {
					EA89508A2B9F44A4008878AA = {
						CreatedOnToolsVersion = 14.2;
					};
				};
			};
			buildConfigurationList = EA8950862B9F44A4008878AA /* Build configuration list for PBXProject "ERide" */;
			compatibilityVersion = "Xcode 14.0";
			developmentRegion = en;
			hasScannedForEncodings = 0;
			knownRegions = (
				en,
				Base,
			);
			mainGroup = EA8950822B9F44A4008878AA;
			packageReferences = (
				EABBD4462BB55A0C00BFDC06 /* XCRemoteSwiftPackageReference "firebase-ios-sdk" */,
			);
			productRefGroup = EA89508C2B9F44A4008878AA /* Products */;
			projectDirPath = "";
			projectRoot = "";
			targets = (
				EA89508A2B9F44A4008878AA /* ERide */,
			);
		};
/* End PBXProject section */

/* Begin PBXResourcesBuildPhase section */
		EA8950892B9F44A4008878AA /* Resources */ = {
			isa = PBXResourcesBuildPhase;
			buildActionMask = 2147483647;
			files = (
				EAFDCA7F2BBBFA1B00D75719 /* userAgreement.json in Resources */,
				EAFDCA872BBC06A600D75719 /* cookiePolicy.json in Resources */,
				EA89509D2B9F44F2008878AA /* Launch Screen.storyboard in Resources */,
				EAFDCA852BBC068500D75719 /* privacyPolicy.json in Resources */,
				EA8950962B9F44A6008878AA /* Preview Assets.xcassets in Resources */,
				EABBD4592BB567E000BFDC06 /* GoogleService-Info.plist in Resources */,
				EA8950932B9F44A6008878AA /* Assets.xcassets in Resources */,
			);
			runOnlyForDeploymentPostprocessing = 0;
		};
/* End PBXResourcesBuildPhase section */

/* Begin PBXSourcesBuildPhase section */
		EA8950872B9F44A4008878AA /* Sources */ = {
			isa = PBXSourcesBuildPhase;
			buildActionMask = 2147483647;
			files = (
				EA9199F82BBA9D3300E804A7 /* PolicyModels.swift in Sources */,
				EA271D032B9F8C30004B412C /* NotificationManager.swift in Sources */,
				EA2CF4482BBE931200CA0579 /* ShapesView.swift in Sources */,
				EA5F062C2BB6D6120068636F /* GlobalConstants.swift in Sources */,
				EA5F06322BB6EA3E0068636F /* EmailSignUpView.swift in Sources */,
				EA4FF31C2BB8CA8000665C3D /* ForgotPasswordView.swift in Sources */,
				EAD65FF72BB95B0200D53AD6 /* PolicyView.swift in Sources */,
				EABBD4552BB5645700BFDC06 /* MapView.swift in Sources */,
				EAD65FEE2BB9392D00D53AD6 /* HomeView.swift in Sources */,
				EA8950912B9F44A4008878AA /* ContentView.swift in Sources */,
				EA5F06352BB6EF7E0068636F /* EmailAuthenticationViewModel.swift in Sources */,
				EABBD4532BB5642600BFDC06 /* AuthenticationView.swift in Sources */,
				EABBD4572BB5652800BFDC06 /* AuthenticationManger.swift in Sources */,
				EA5F062E2BB6E2590068636F /* FederallyButtonsView.swift in Sources */,
				EA3F10492BB7860100DFD256 /* PasswordFieldView.swift in Sources */,
				EA89508F2B9F44A4008878AA /* ERideApp.swift in Sources */,
				EA7CC1C62BBFD4C0000711BD /* AuthDataResultModel.swift in Sources */,
				EA3F104B2BB7861600DFD256 /* ConfirmPasswordFieldView.swift in Sources */,
				EA9199FD2BBAFAB600E804A7 /* JsonBundleDecoder.swift in Sources */,
				EA271D052B9F9C0B004B412C /* MapViewModel.swift in Sources */,
				EA4FF3182BB8BEC700665C3D /* SignInView.swift in Sources */,
				EA2CF44A2BBE9EA800CA0579 /* EmailFieldView.swift in Sources */,
				EAD65FF12BB94AF300D53AD6 /* UserAgreementView.swift in Sources */,
				EAD65FF32BB94B0800D53AD6 /* PrivacyPolicyView.swift in Sources */,
				EAD65FF52BB94B1700D53AD6 /* CookiePolicyView.swift in Sources */,
				EA5F06302BB6E7A10068636F /* OnboardingView.swift in Sources */,
			);
			runOnlyForDeploymentPostprocessing = 0;
		};
/* End PBXSourcesBuildPhase section */

/* Begin XCBuildConfiguration section */
		EA8950972B9F44A6008878AA /* Debug */ = {
			isa = XCBuildConfiguration;
			buildSettings = {
				ALWAYS_SEARCH_USER_PATHS = NO;
				CLANG_ANALYZER_NONNULL = YES;
				CLANG_ANALYZER_NUMBER_OBJECT_CONVERSION = YES_AGGRESSIVE;
				CLANG_CXX_LANGUAGE_STANDARD = "gnu++20";
				CLANG_ENABLE_MODULES = YES;
				CLANG_ENABLE_OBJC_ARC = YES;
				CLANG_ENABLE_OBJC_WEAK = YES;
				CLANG_WARN_BLOCK_CAPTURE_AUTORELEASING = YES;
				CLANG_WARN_BOOL_CONVERSION = YES;
				CLANG_WARN_COMMA = YES;
				CLANG_WARN_CONSTANT_CONVERSION = YES;
				CLANG_WARN_DEPRECATED_OBJC_IMPLEMENTATIONS = YES;
				CLANG_WARN_DIRECT_OBJC_ISA_USAGE = YES_ERROR;
				CLANG_WARN_DOCUMENTATION_COMMENTS = YES;
				CLANG_WARN_EMPTY_BODY = YES;
				CLANG_WARN_ENUM_CONVERSION = YES;
				CLANG_WARN_INFINITE_RECURSION = YES;
				CLANG_WARN_INT_CONVERSION = YES;
				CLANG_WARN_NON_LITERAL_NULL_CONVERSION = YES;
				CLANG_WARN_OBJC_IMPLICIT_RETAIN_SELF = YES;
				CLANG_WARN_OBJC_LITERAL_CONVERSION = YES;
				CLANG_WARN_OBJC_ROOT_CLASS = YES_ERROR;
				CLANG_WARN_QUOTED_INCLUDE_IN_FRAMEWORK_HEADER = YES;
				CLANG_WARN_RANGE_LOOP_ANALYSIS = YES;
				CLANG_WARN_STRICT_PROTOTYPES = YES;
				CLANG_WARN_SUSPICIOUS_MOVE = YES;
				CLANG_WARN_UNGUARDED_AVAILABILITY = YES_AGGRESSIVE;
				CLANG_WARN_UNREACHABLE_CODE = YES;
				CLANG_WARN__DUPLICATE_METHOD_MATCH = YES;
				COPY_PHASE_STRIP = NO;
				DEBUG_INFORMATION_FORMAT = dwarf;
				ENABLE_STRICT_OBJC_MSGSEND = YES;
				ENABLE_TESTABILITY = YES;
				GCC_C_LANGUAGE_STANDARD = gnu11;
				GCC_DYNAMIC_NO_PIC = NO;
				GCC_NO_COMMON_BLOCKS = YES;
				GCC_OPTIMIZATION_LEVEL = 0;
				GCC_PREPROCESSOR_DEFINITIONS = (
					"DEBUG=1",
					"$(inherited)",
				);
				GCC_WARN_64_TO_32_BIT_CONVERSION = YES;
				GCC_WARN_ABOUT_RETURN_TYPE = YES_ERROR;
				GCC_WARN_UNDECLARED_SELECTOR = YES;
				GCC_WARN_UNINITIALIZED_AUTOS = YES_AGGRESSIVE;
				GCC_WARN_UNUSED_FUNCTION = YES;
				GCC_WARN_UNUSED_VARIABLE = YES;
				IPHONEOS_DEPLOYMENT_TARGET = 16.2;
				MTL_ENABLE_DEBUG_INFO = INCLUDE_SOURCE;
				MTL_FAST_MATH = YES;
				ONLY_ACTIVE_ARCH = YES;
				SDKROOT = iphoneos;
				SWIFT_ACTIVE_COMPILATION_CONDITIONS = DEBUG;
				SWIFT_OPTIMIZATION_LEVEL = "-Onone";
			};
			name = Debug;
		};
		EA8950982B9F44A6008878AA /* Release */ = {
			isa = XCBuildConfiguration;
			buildSettings = {
				ALWAYS_SEARCH_USER_PATHS = NO;
				CLANG_ANALYZER_NONNULL = YES;
				CLANG_ANALYZER_NUMBER_OBJECT_CONVERSION = YES_AGGRESSIVE;
				CLANG_CXX_LANGUAGE_STANDARD = "gnu++20";
				CLANG_ENABLE_MODULES = YES;
				CLANG_ENABLE_OBJC_ARC = YES;
				CLANG_ENABLE_OBJC_WEAK = YES;
				CLANG_WARN_BLOCK_CAPTURE_AUTORELEASING = YES;
				CLANG_WARN_BOOL_CONVERSION = YES;
				CLANG_WARN_COMMA = YES;
				CLANG_WARN_CONSTANT_CONVERSION = YES;
				CLANG_WARN_DEPRECATED_OBJC_IMPLEMENTATIONS = YES;
				CLANG_WARN_DIRECT_OBJC_ISA_USAGE = YES_ERROR;
				CLANG_WARN_DOCUMENTATION_COMMENTS = YES;
				CLANG_WARN_EMPTY_BODY = YES;
				CLANG_WARN_ENUM_CONVERSION = YES;
				CLANG_WARN_INFINITE_RECURSION = YES;
				CLANG_WARN_INT_CONVERSION = YES;
				CLANG_WARN_NON_LITERAL_NULL_CONVERSION = YES;
				CLANG_WARN_OBJC_IMPLICIT_RETAIN_SELF = YES;
				CLANG_WARN_OBJC_LITERAL_CONVERSION = YES;
				CLANG_WARN_OBJC_ROOT_CLASS = YES_ERROR;
				CLANG_WARN_QUOTED_INCLUDE_IN_FRAMEWORK_HEADER = YES;
				CLANG_WARN_RANGE_LOOP_ANALYSIS = YES;
				CLANG_WARN_STRICT_PROTOTYPES = YES;
				CLANG_WARN_SUSPICIOUS_MOVE = YES;
				CLANG_WARN_UNGUARDED_AVAILABILITY = YES_AGGRESSIVE;
				CLANG_WARN_UNREACHABLE_CODE = YES;
				CLANG_WARN__DUPLICATE_METHOD_MATCH = YES;
				COPY_PHASE_STRIP = NO;
				DEBUG_INFORMATION_FORMAT = "dwarf-with-dsym";
				ENABLE_NS_ASSERTIONS = NO;
				ENABLE_STRICT_OBJC_MSGSEND = YES;
				GCC_C_LANGUAGE_STANDARD = gnu11;
				GCC_NO_COMMON_BLOCKS = YES;
				GCC_WARN_64_TO_32_BIT_CONVERSION = YES;
				GCC_WARN_ABOUT_RETURN_TYPE = YES_ERROR;
				GCC_WARN_UNDECLARED_SELECTOR = YES;
				GCC_WARN_UNINITIALIZED_AUTOS = YES_AGGRESSIVE;
				GCC_WARN_UNUSED_FUNCTION = YES;
				GCC_WARN_UNUSED_VARIABLE = YES;
				IPHONEOS_DEPLOYMENT_TARGET = 16.2;
				MTL_ENABLE_DEBUG_INFO = NO;
				MTL_FAST_MATH = YES;
				SDKROOT = iphoneos;
				SWIFT_COMPILATION_MODE = wholemodule;
				SWIFT_OPTIMIZATION_LEVEL = "-O";
				VALIDATE_PRODUCT = YES;
			};
			name = Release;
		};
		EA89509A2B9F44A6008878AA /* Debug */ = {
			isa = XCBuildConfiguration;
			buildSettings = {
				ASSETCATALOG_COMPILER_APPICON_NAME = AppIcon;
				ASSETCATALOG_COMPILER_GLOBAL_ACCENT_COLOR_NAME = AccentColor;
				CODE_SIGN_STYLE = Automatic;
				CURRENT_PROJECT_VERSION = 1;
				DEVELOPMENT_ASSET_PATHS = "\"ERide/Preview Content\"";
				DEVELOPMENT_TEAM = Q25PGH827A;
				ENABLE_PREVIEWS = YES;
				GENERATE_INFOPLIST_FILE = YES;
				INFOPLIST_FILE = ERide/Info.plist;
				INFOPLIST_KEY_CFBundleDisplayName = ERide;
				INFOPLIST_KEY_LSApplicationCategoryType = "public.app-category.business";
				INFOPLIST_KEY_NSLocationWhenInUseUsageDescription = "ERide needs your location to serve you better";
				INFOPLIST_KEY_UIApplicationSceneManifest_Generation = YES;
				INFOPLIST_KEY_UIApplicationSupportsIndirectInputEvents = YES;
				INFOPLIST_KEY_UILaunchScreen_Generation = YES;
				INFOPLIST_KEY_UILaunchStoryboardName = "Launch Screen.storyboard";
				INFOPLIST_KEY_UISupportedInterfaceOrientations = UIInterfaceOrientationPortrait;
				LD_RUNPATH_SEARCH_PATHS = (
					"$(inherited)",
					"@executable_path/Frameworks",
				);
				MARKETING_VERSION = 1.0;
				PRODUCT_BUNDLE_IDENTIFIER = com.macmaurice.ERide;
				PRODUCT_NAME = "$(TARGET_NAME)";
				SWIFT_EMIT_LOC_STRINGS = YES;
				SWIFT_VERSION = 5.0;
				TARGETED_DEVICE_FAMILY = "1,2";
			};
			name = Debug;
		};
		EA89509B2B9F44A6008878AA /* Release */ = {
			isa = XCBuildConfiguration;
			buildSettings = {
				ASSETCATALOG_COMPILER_APPICON_NAME = AppIcon;
				ASSETCATALOG_COMPILER_GLOBAL_ACCENT_COLOR_NAME = AccentColor;
				CODE_SIGN_STYLE = Automatic;
				CURRENT_PROJECT_VERSION = 1;
				DEVELOPMENT_ASSET_PATHS = "\"ERide/Preview Content\"";
				DEVELOPMENT_TEAM = Q25PGH827A;
				ENABLE_PREVIEWS = YES;
				GENERATE_INFOPLIST_FILE = YES;
				INFOPLIST_FILE = ERide/Info.plist;
				INFOPLIST_KEY_CFBundleDisplayName = ERide;
				INFOPLIST_KEY_LSApplicationCategoryType = "public.app-category.business";
				INFOPLIST_KEY_NSLocationWhenInUseUsageDescription = "ERide needs your location to serve you better";
				INFOPLIST_KEY_UIApplicationSceneManifest_Generation = YES;
				INFOPLIST_KEY_UIApplicationSupportsIndirectInputEvents = YES;
				INFOPLIST_KEY_UILaunchScreen_Generation = YES;
				INFOPLIST_KEY_UILaunchStoryboardName = "Launch Screen.storyboard";
				INFOPLIST_KEY_UISupportedInterfaceOrientations = UIInterfaceOrientationPortrait;
				LD_RUNPATH_SEARCH_PATHS = (
					"$(inherited)",
					"@executable_path/Frameworks",
				);
				MARKETING_VERSION = 1.0;
				PRODUCT_BUNDLE_IDENTIFIER = com.macmaurice.ERide;
				PRODUCT_NAME = "$(TARGET_NAME)";
				SWIFT_EMIT_LOC_STRINGS = YES;
				SWIFT_VERSION = 5.0;
				TARGETED_DEVICE_FAMILY = "1,2";
			};
			name = Release;
		};
/* End XCBuildConfiguration section */

/* Begin XCConfigurationList section */
		EA8950862B9F44A4008878AA /* Build configuration list for PBXProject "ERide" */ = {
			isa = XCConfigurationList;
			buildConfigurations = (
				EA8950972B9F44A6008878AA /* Debug */,
				EA8950982B9F44A6008878AA /* Release */,
			);
			defaultConfigurationIsVisible = 0;
			defaultConfigurationName = Release;
		};
		EA8950992B9F44A6008878AA /* Build configuration list for PBXNativeTarget "ERide" */ = {
			isa = XCConfigurationList;
			buildConfigurations = (
				EA89509A2B9F44A6008878AA /* Debug */,
				EA89509B2B9F44A6008878AA /* Release */,
			);
			defaultConfigurationIsVisible = 0;
			defaultConfigurationName = Release;
		};
/* End XCConfigurationList section */

/* Begin XCRemoteSwiftPackageReference section */
		EABBD4462BB55A0C00BFDC06 /* XCRemoteSwiftPackageReference "firebase-ios-sdk" */ = {
			isa = XCRemoteSwiftPackageReference;
			repositoryURL = "https://github.com/firebase/firebase-ios-sdk";
			requirement = {
				kind = exactVersion;
				version = 9.6.0;
			};
		};
/* End XCRemoteSwiftPackageReference section */

/* Begin XCSwiftPackageProductDependency section */
		EABBD4472BB55A0D00BFDC06 /* FirebaseAnalytics */ = {
			isa = XCSwiftPackageProductDependency;
			package = EABBD4462BB55A0C00BFDC06 /* XCRemoteSwiftPackageReference "firebase-ios-sdk" */;
			productName = FirebaseAnalytics;
		};
		EABBD4492BB55A0D00BFDC06 /* FirebaseAnalyticsSwift */ = {
			isa = XCSwiftPackageProductDependency;
			package = EABBD4462BB55A0C00BFDC06 /* XCRemoteSwiftPackageReference "firebase-ios-sdk" */;
			productName = FirebaseAnalyticsSwift;
		};
		EABBD45B2BB56BD100BFDC06 /* FirebaseAuth */ = {
			isa = XCSwiftPackageProductDependency;
			package = EABBD4462BB55A0C00BFDC06 /* XCRemoteSwiftPackageReference "firebase-ios-sdk" */;
			productName = FirebaseAuth;
		};
/* End XCSwiftPackageProductDependency section */
	};
	rootObject = EA8950832B9F44A4008878AA /* Project object */;
}
